
Microsoft Visual Studio Solution File, Format Version 12.00
# Visual Studio Version 16
VisualStudioVersion = 16.0.31702.278
MinimumVisualStudioVersion = 10.0.40219.1
Project("{FAE04EC0-301F-11D3-BF4B-00C04F79EFBC}") = "SuperBowl", "SuperBowl\SuperBowl.csproj", "{A9AA73EB-9B83-448A-A8F9-0B02FF776332}"
EndProject
Project("{FAE04EC0-301F-11D3-BF4B-00C04F79EFBC}") = "SuperBowlGUI", "SuperBowlGUI\SuperBowlGUI.csproj", "{CE406FB2-477C-4811-A3EF-1AEBF48BBE25}"
EndProject
Global
	GlobalSection(SolutionConfigurationPlatforms) = preSolution
		Debug|Any CPU = Debug|Any CPU
		Release|Any CPU = Release|Any CPU
	EndGlobalSection
	GlobalSection(ProjectConfigurationPlatforms) = postSolution
		{A9AA73EB-9B83-448A-A8F9-0B02FF776332}.Debug|Any CPU.ActiveCfg = Debug|Any CPU
		{A9AA73EB-9B83-448A-A8F9-0B02FF776332}.Debug|Any CPU.Build.0 = Debug|Any CPU
		{A9AA73EB-9B83-448A-A8F9-0B02FF776332}.Release|Any CPU.ActiveCfg = Release|Any CPU
		{A9AA73EB-9B83-448A-A8F9-0B02FF776332}.Release|Any CPU.Build.0 = Release|Any CPU
		{CE406FB2-477C-4811-A3EF-1AEBF48BBE25}.Debug|Any CPU.ActiveCfg = Debug|Any CPU
		{CE406FB2-477C-4811-A3EF-1AEBF48BBE25}.Debug|Any CPU.Build.0 = Debug|Any CPU
		{CE406FB2-477C-4811-A3EF-1AEBF48BBE25}.Release|Any CPU.ActiveCfg = Release|Any CPU
		{CE406FB2-477C-4811-A3EF-1AEBF48BBE25}.Release|Any CPU.Build.0 = Release|Any CPU
	EndGlobalSection
	GlobalSection(SolutionProperties) = preSolution
		HideSolutionNode = FALSE
	EndGlobalSection
	GlobalSection(ExtensibilityGlobals) = postSolution
		SolutionGuid = {EB9ACB7F-FBD0-467B-86AC-A3AEBC5A911F}
	EndGlobalSection
EndGlobal
